%{"decimal": {:hex, :decimal, "0.2.5"},
  "ecto": {:hex, :ecto, "0.2.5"},
  "hackney": {:hex, :hackney, "1.0.6"},
  "httpoison": {:hex, :httpoison, "0.6.0"},
  "idna": {:hex, :idna, "1.0.2"},
  "philae": {:git, "git://github.com/cincinnati-elixir/philae.git", "a84a9c57be1687c35bbba6264f6f1a3522e2283c", []},
  "poison": {:hex, :poison, "1.3.1"},
  "poolboy": {:hex, :poolboy, "1.2.1"},
  "postgrex": {:hex, :postgrex, "0.6.0"},
  "socket": {:hex, :socket, "0.2.8"},
  "ssl_verify_hostname": {:hex, :ssl_verify_hostname, "1.0.1"},
  "uuid": {:hex, :uuid, "0.1.5"},
  "websocket_client": {:git, "git://github.com/jeremyong/websocket_client.git", "48c118682292f2e4d80491161134a665525c4934", []}}
